// !$*UTF8*$!
{
	archiveVersion = 1;
	classes = {
	};
	objectVersion = 46;
	objects = {

/* Begin PBXBuildFile section */
		9BA867E11A4DF3B900121ED5 /* main.m in Sources */ = {isa = PBXBuildFile; fileRef = 9BA867E01A4DF3B900121ED5 /* main.m */; };
		9BA867E41A4DF3B900121ED5 /* AppDelegate.m in Sources */ = {isa = PBXBuildFile; fileRef = 9BA867E31A4DF3B900121ED5 /* AppDelegate.m */; };
		9BA867E71A4DF3B900121ED5 /* ViewController.m in Sources */ = {isa = PBXBuildFile; fileRef = 9BA867E61A4DF3B900121ED5 /* ViewController.m */; };
		9BA867EA1A4DF3B900121ED5 /* Main.storyboard in Resources */ = {isa = PBXBuildFile; fileRef = 9BA867E81A4DF3B900121ED5 /* Main.storyboard */; };
		9BA867EC1A4DF3B900121ED5 /* Images.xcassets in Resources */ = {isa = PBXBuildFile; fileRef = 9BA867EB1A4DF3B900121ED5 /* Images.xcassets */; };
		9BA867EF1A4DF3B900121ED5 /* LaunchScreen.xib in Resources */ = {isa = PBXBuildFile; fileRef = 9BA867ED1A4DF3B900121ED5 /* LaunchScreen.xib */; };
		9BA867FB1A4DF3B900121ED5 /* HUMSliderSampleTests.m in Sources */ = {isa = PBXBuildFile; fileRef = 9BA867FA1A4DF3B900121ED5 /* HUMSliderSampleTests.m */; };
		9BA868071A4DF3DF00121ED5 /* HUMSlider.m in Sources */ = {isa = PBXBuildFile; fileRef = 9BA868061A4DF3DF00121ED5 /* HUMSlider.m */; };
/* End PBXBuildFile section */

/* Begin PBXContainerItemProxy section */
		9BA867F51A4DF3B900121ED5 /* PBXContainerItemProxy */ = {
			isa = PBXContainerItemProxy;
			containerPortal = 9BA867D31A4DF3B900121ED5 /* Project object */;
			proxyType = 1;
			remoteGlobalIDString = 9BA867DA1A4DF3B900121ED5;
			remoteInfo = HUMSliderSample;
		};
/* End PBXContainerItemProxy section */

/* Begin PBXFileReference section */
		9BA867DB1A4DF3B900121ED5 /* HUMSliderSample.app */ = {isa = PBXFileReference; explicitFileType = wrapper.application; includeInIndex = 0; path = HUMSliderSample.app; sourceTree = BUILT_PRODUCTS_DIR; };
		9BA867DF1A4DF3B900121ED5 /* Info.plist */ = {isa = PBXFileReference; lastKnownFileType = text.plist.xml; path = Info.plist; sourceTree = "<group>"; };
		9BA867E01A4DF3B900121ED5 /* main.m */ = {isa = PBXFileReference; lastKnownFileType = sourcecode.c.objc; path = main.m; sourceTree = "<group>"; };
		9BA867E21A4DF3B900121ED5 /* AppDelegate.h */ = {isa = PBXFileReference; lastKnownFileType = sourcecode.c.h; path = AppDelegate.h; sourceTree = "<group>"; };
		9BA867E31A4DF3B900121ED5 /* AppDelegate.m */ = {isa = PBXFileReference; lastKnownFileType = sourcecode.c.objc; path = AppDelegate.m; sourceTree = "<group>"; };
		9BA867E51A4DF3B900121ED5 /* ViewController.h */ = {isa = PBXFileReference; lastKnownFileType = sourcecode.c.h; path = ViewController.h; sourceTree = "<group>"; };
		9BA867E61A4DF3B900121ED5 /* ViewController.m */ = {isa = PBXFileReference; lastKnownFileType = sourcecode.c.objc; path = ViewController.m; sourceTree = "<group>"; };
		9BA867E91A4DF3B900121ED5 /* Base */ = {isa = PBXFileReference; lastKnownFileType = file.storyboard; name = Base; path = Base.lproj/Main.storyboard; sourceTree = "<group>"; };
		9BA867EB1A4DF3B900121ED5 /* Images.xcassets */ = {isa = PBXFileReference; lastKnownFileType = folder.assetcatalog; path = Images.xcassets; sourceTree = "<group>"; };
		9BA867EE1A4DF3B900121ED5 /* Base */ = {isa = PBXFileReference; lastKnownFileType = file.xib; name = Base; path = Base.lproj/LaunchScreen.xib; sourceTree = "<group>"; };
		9BA867F41A4DF3B900121ED5 /* HUMSliderSampleTests.xctest */ = {isa = PBXFileReference; explicitFileType = wrapper.cfbundle; includeInIndex = 0; path = HUMSliderSampleTests.xctest; sourceTree = BUILT_PRODUCTS_DIR; };
		9BA867F91A4DF3B900121ED5 /* Info.plist */ = {isa = PBXFileReference; lastKnownFileType = text.plist.xml; path = Info.plist; sourceTree = "<group>"; };
		9BA867FA1A4DF3B900121ED5 /* HUMSliderSampleTests.m */ = {isa = PBXFileReference; lastKnownFileType = sourcecode.c.objc; path = HUMSliderSampleTests.m; sourceTree = "<group>"; };
		9BA868051A4DF3DF00121ED5 /* HUMSlider.h */ = {isa = PBXFileReference; fileEncoding = 4; lastKnownFileType = sourcecode.c.h; path = HUMSlider.h; sourceTree = "<group>"; };
		9BA868061A4DF3DF00121ED5 /* HUMSlider.m */ = {isa = PBXFileReference; fileEncoding = 4; lastKnownFileType = sourcecode.c.objc; path = HUMSlider.m; sourceTree = "<group>"; };
/* End PBXFileReference section */

/* Begin PBXFrameworksBuildPhase section */
		9BA867D81A4DF3B900121ED5 /* Frameworks */ = {
			isa = PBXFrameworksBuildPhase;
			buildActionMask = 2147483647;
			files = (
			);
			runOnlyForDeploymentPostprocessing = 0;
		};
		9BA867F11A4DF3B900121ED5 /* Frameworks */ = {
			isa = PBXFrameworksBuildPhase;
			buildActionMask = 2147483647;
			files = (
			);
			runOnlyForDeploymentPostprocessing = 0;
		};
/* End PBXFrameworksBuildPhase section */

/* Begin PBXGroup section */
		9BA867D21A4DF3B900121ED5 = {
			isa = PBXGroup;
			children = (
				9BA867DD1A4DF3B900121ED5 /* HUMSliderSample */,
				9BA867F71A4DF3B900121ED5 /* HUMSliderSampleTests */,
				9BA867DC1A4DF3B900121ED5 /* Products */,
			);
			sourceTree = "<group>";
		};
		9BA867DC1A4DF3B900121ED5 /* Products */ = {
			isa = PBXGroup;
			children = (
				9BA867DB1A4DF3B900121ED5 /* HUMSliderSample.app */,
				9BA867F41A4DF3B900121ED5 /* HUMSliderSampleTests.xctest */,
			);
			name = Products;
			sourceTree = "<group>";
		};
		9BA867DD1A4DF3B900121ED5 /* HUMSliderSample */ = {
			isa = PBXGroup;
			children = (
				9BA867E21A4DF3B900121ED5 /* AppDelegate.h */,
				9BA867E31A4DF3B900121ED5 /* AppDelegate.m */,
				9BA867E51A4DF3B900121ED5 /* ViewController.h */,
				9BA867E61A4DF3B900121ED5 /* ViewController.m */,
				9BA868041A4DF3CC00121ED5 /* Library */,
				9BA867E81A4DF3B900121ED5 /* Main.storyboard */,
				9BA867EB1A4DF3B900121ED5 /* Images.xcassets */,
				9BA867ED1A4DF3B900121ED5 /* LaunchScreen.xib */,
				9BA867DE1A4DF3B900121ED5 /* Supporting Files */,
			);
			path = HUMSliderSample;
			sourceTree = "<group>";
		};
		9BA867DE1A4DF3B900121ED5 /* Supporting Files */ = {
			isa = PBXGroup;
			children = (
				9BA867DF1A4DF3B900121ED5 /* Info.plist */,
				9BA867E01A4DF3B900121ED5 /* main.m */,
			);
			name = "Supporting Files";
			sourceTree = "<group>";
		};
		9BA867F71A4DF3B900121ED5 /* HUMSliderSampleTests */ = {
			isa = PBXGroup;
			children = (
				9BA867FA1A4DF3B900121ED5 /* HUMSliderSampleTests.m */,
				9BA867F81A4DF3B900121ED5 /* Supporting Files */,
			);
			path = HUMSliderSampleTests;
			sourceTree = "<group>";
		};
		9BA867F81A4DF3B900121ED5 /* Supporting Files */ = {
			isa = PBXGroup;
			children = (
				9BA867F91A4DF3B900121ED5 /* Info.plist */,
			);
			name = "Supporting Files";
			sourceTree = "<group>";
		};
		9BA868041A4DF3CC00121ED5 /* Library */ = {
			isa = PBXGroup;
			children = (
				9BA868051A4DF3DF00121ED5 /* HUMSlider.h */,
				9BA868061A4DF3DF00121ED5 /* HUMSlider.m */,
			);
			path = Library;
			sourceTree = SOURCE_ROOT;
		};
/* End PBXGroup section */

/* Begin PBXNativeTarget section */
		9BA867DA1A4DF3B900121ED5 /* HUMSliderSample */ = {
			isa = PBXNativeTarget;
			buildConfigurationList = 9BA867FE1A4DF3B900121ED5 /* Build configuration list for PBXNativeTarget "HUMSliderSample" */;
			buildPhases = (
				9BA867D71A4DF3B900121ED5 /* Sources */,
				9BA867D81A4DF3B900121ED5 /* Frameworks */,
				9BA867D91A4DF3B900121ED5 /* Resources */,
				OBJCLEANCUSTOMRUNSCRIPTT /* Objective-Clean Run Script */,
			);
			buildRules = (
			);
			dependencies = (
			);
			name = HUMSliderSample;
			productName = HUMSliderSample;
			productReference = 9BA867DB1A4DF3B900121ED5 /* HUMSliderSample.app */;
			productType = "com.apple.product-type.application";
		};
		9BA867F31A4DF3B900121ED5 /* HUMSliderSampleTests */ = {
			isa = PBXNativeTarget;
			buildConfigurationList = 9BA868011A4DF3B900121ED5 /* Build configuration list for PBXNativeTarget "HUMSliderSampleTests" */;
			buildPhases = (
				9BA867F01A4DF3B900121ED5 /* Sources */,
				9BA867F11A4DF3B900121ED5 /* Frameworks */,
				9BA867F21A4DF3B900121ED5 /* Resources */,
			);
			buildRules = (
			);
			dependencies = (
				9BA867F61A4DF3B900121ED5 /* PBXTargetDependency */,
			);
			name = HUMSliderSampleTests;
			productName = HUMSliderSampleTests;
			productReference = 9BA867F41A4DF3B900121ED5 /* HUMSliderSampleTests.xctest */;
			productType = "com.apple.product-type.bundle.unit-test";
		};
/* End PBXNativeTarget section */

/* Begin PBXProject section */
		9BA867D31A4DF3B900121ED5 /* Project object */ = {
			isa = PBXProject;
			attributes = {
				LastUpgradeCheck = 0930;
				ORGANIZATIONNAME = "Just Hum, LLC";
				TargetAttributes = {
					9BA867DA1A4DF3B900121ED5 = {
						CreatedOnToolsVersion = 6.1.1;
					};
					9BA867F31A4DF3B900121ED5 = {
						CreatedOnToolsVersion = 6.1.1;
						TestTargetID = 9BA867DA1A4DF3B900121ED5;
					};
				};
			};
			buildConfigurationList = 9BA867D61A4DF3B900121ED5 /* Build configuration list for PBXProject "HUMSliderSample" */;
			compatibilityVersion = "Xcode 3.2";
			developmentRegion = English;
			hasScannedForEncodings = 0;
			knownRegions = (
				en,
				Base,
			);
			mainGroup = 9BA867D21A4DF3B900121ED5;
			productRefGroup = 9BA867DC1A4DF3B900121ED5 /* Products */;
			projectDirPath = "";
			projectRoot = "";
			targets = (
				9BA867DA1A4DF3B900121ED5 /* HUMSliderSample */,
				9BA867F31A4DF3B900121ED5 /* HUMSliderSampleTests */,
			);
		};
/* End PBXProject section */

/* Begin PBXResourcesBuildPhase section */
		9BA867D91A4DF3B900121ED5 /* Resources */ = {
			isa = PBXResourcesBuildPhase;
			buildActionMask = 2147483647;
			files = (
				9BA867EA1A4DF3B900121ED5 /* Main.storyboard in Resources */,
				9BA867EF1A4DF3B900121ED5 /* LaunchScreen.xib in Resources */,
				9BA867EC1A4DF3B900121ED5 /* Images.xcassets in Resources */,
			);
			runOnlyForDeploymentPostprocessing = 0;
		};
		9BA867F21A4DF3B900121ED5 /* Resources */ = {
			isa = PBXResourcesBuildPhase;
			buildActionMask = 2147483647;
			files = (
			);
			runOnlyForDeploymentPostprocessing = 0;
		};
/* End PBXResourcesBuildPhase section */

/* Begin PBXShellScriptBuildPhase section */
		OBJCLEANCUSTOMRUNSCRIPTT /* Objective-Clean Run Script */ = {
			isa = PBXShellScriptBuildPhase;
			buildActionMask = 2147483647;
			files = (
			);
			inputPaths = (
			);
			name = "Objective-Clean Run Script";
			outputPaths = (
			);
			runOnlyForDeploymentPostprocessing = 0;
			shellPath = /bin/bash;
			shellScript = "if [[ -z ${SKIP_OBJCLEAN} || ${SKIP_OBJCLEAN} != 1 ]]; then\nif [[ -d \"${LOCAL_APPS_DIR}/Objective-Clean.app\" ]]; then \n\"${LOCAL_APPS_DIR}\"/Objective-Clean.app/Contents/Resources/ObjClean.app/Contents/MacOS/ObjClean \"${SRCROOT}\" \nelse\necho \"warning: You have to install and set up Objective-Clean to use its features!\" \nfi\nfi";
		};
/* End PBXShellScriptBuildPhase section */

/* Begin PBXSourcesBuildPhase section */
		9BA867D71A4DF3B900121ED5 /* Sources */ = {
			isa = PBXSourcesBuildPhase;
			buildActionMask = 2147483647;
			files = (
				9BA867E71A4DF3B900121ED5 /* ViewController.m in Sources */,
				9BA867E41A4DF3B900121ED5 /* AppDelegate.m in Sources */,
				9BA867E11A4DF3B900121ED5 /* main.m in Sources */,
				9BA868071A4DF3DF00121ED5 /* HUMSlider.m in Sources */,
			);
			runOnlyForDeploymentPostprocessing = 0;
		};
		9BA867F01A4DF3B900121ED5 /* Sources */ = {
			isa = PBXSourcesBuildPhase;
			buildActionMask = 2147483647;
			files = (
				9BA867FB1A4DF3B900121ED5 /* HUMSliderSampleTests.m in Sources */,
			);
			runOnlyForDeploymentPostprocessing = 0;
		};
/* End PBXSourcesBuildPhase section */

/* Begin PBXTargetDependency section */
		9BA867F61A4DF3B900121ED5 /* PBXTargetDependency */ = {
			isa = PBXTargetDependency;
			target = 9BA867DA1A4DF3B900121ED5 /* HUMSliderSample */;
			targetProxy = 9BA867F51A4DF3B900121ED5 /* PBXContainerItemProxy */;
		};
/* End PBXTargetDependency section */

/* Begin PBXVariantGroup section */
		9BA867E81A4DF3B900121ED5 /* Main.storyboard */ = {
			isa = PBXVariantGroup;
			children = (
				9BA867E91A4DF3B900121ED5 /* Base */,
			);
			name = Main.storyboard;
			sourceTree = "<group>";
		};
		9BA867ED1A4DF3B900121ED5 /* LaunchScreen.xib */ = {
			isa = PBXVariantGroup;
			children = (
				9BA867EE1A4DF3B900121ED5 /* Base */,
			);
			name = LaunchScreen.xib;
			sourceTree = "<group>";
		};
/* End PBXVariantGroup section */

/* Begin XCBuildConfiguration section */
		9BA867FC1A4DF3B900121ED5 /* Debug */ = {
			isa = XCBuildConfiguration;
			buildSettings = {
				ALWAYS_SEARCH_USER_PATHS = NO;
				CLANG_CXX_LANGUAGE_STANDARD = "gnu++0x";
				CLANG_CXX_LIBRARY = "libc++";
				CLANG_ENABLE_MODULES = YES;
				CLANG_ENABLE_OBJC_ARC = YES;
				CLANG_WARN_BLOCK_CAPTURE_AUTORELEASING = YES;
				CLANG_WARN_BOOL_CONVERSION = YES;
				CLANG_WARN_COMMA = YES;
				CLANG_WARN_CONSTANT_CONVERSION = YES;
				CLANG_WARN_DEPRECATED_OBJC_IMPLEMENTATIONS = YES;
				CLANG_WARN_DIRECT_OBJC_ISA_USAGE = YES_ERROR;
				CLANG_WARN_EMPTY_BODY = YES;
				CLANG_WARN_ENUM_CONVERSION = YES;
				CLANG_WARN_INFINITE_RECURSION = YES;
				CLANG_WARN_INT_CONVERSION = YES;
				CLANG_WARN_NON_LITERAL_NULL_CONVERSION = YES;
				CLANG_WARN_OBJC_IMPLICIT_RETAIN_SELF = YES;
				CLANG_WARN_OBJC_LITERAL_CONVERSION = YES;
				CLANG_WARN_OBJC_ROOT_CLASS = YES_ERROR;
				CLANG_WARN_RANGE_LOOP_ANALYSIS = YES;
				CLANG_WARN_STRICT_PROTOTYPES = YES;
				CLANG_WARN_SUSPICIOUS_MOVE = YES;
				CLANG_WARN_UNREACHABLE_CODE = YES;
				CLANG_WARN__DUPLICATE_METHOD_MATCH = YES;
				"CODE_SIGN_IDENTITY[sdk=iphoneos*]" = "iPhone Developer";
				COPY_PHASE_STRIP = NO;
				ENABLE_STRICT_OBJC_MSGSEND = YES;
				ENABLE_TESTABILITY = YES;
				GCC_C_LANGUAGE_STANDARD = gnu99;
				GCC_DYNAMIC_NO_PIC = NO;
				GCC_NO_COMMON_BLOCKS = YES;
				GCC_OPTIMIZATION_LEVEL = 0;
				GCC_PREPROCESSOR_DEFINITIONS = (
					"DEBUG=1",
					"$(inherited)",
				);
				GCC_SYMBOLS_PRIVATE_EXTERN = NO;
				GCC_WARN_64_TO_32_BIT_CONVERSION = YES;
				GCC_WARN_ABOUT_RETURN_TYPE = YES_ERROR;
				GCC_WARN_UNDECLARED_SELECTOR = YES;
				GCC_WARN_UNINITIALIZED_AUTOS = YES_AGGRESSIVE;
				GCC_WARN_UNUSED_FUNCTION = YES;
				GCC_WARN_UNUSED_VARIABLE = YES;
				IPHONEOS_DEPLOYMENT_TARGET = 8.1;
				MTL_ENABLE_DEBUG_INFO = YES;
				ONLY_ACTIVE_ARCH = YES;
				SDKROOT = iphoneos;
			};
			name = Debug;
		};
		9BA867FD1A4DF3B900121ED5 /* Release */ = {
			isa = XCBuildConfiguration;
			buildSettings = {
				ALWAYS_SEARCH_USER_PATHS = NO;
				CLANG_CXX_LANGUAGE_STANDARD = "gnu++0x";
				CLANG_CXX_LIBRARY = "libc++";
				CLANG_ENABLE_MODULES = YES;
				CLANG_ENABLE_OBJC_ARC = YES;
				CLANG_WARN_BLOCK_CAPTURE_AUTORELEASING = YES;
				CLANG_WARN_BOOL_CONVERSION = YES;
				CLANG_WARN_COMMA = YES;
				CLANG_WARN_CONSTANT_CONVERSION = YES;
				CLANG_WARN_DEPRECATED_OBJC_IMPLEMENTATIONS = YES;
				CLANG_WARN_DIRECT_OBJC_ISA_USAGE = YES_ERROR;
				CLANG_WARN_EMPTY_BODY = YES;
				CLANG_WARN_ENUM_CONVERSION = YES;
				CLANG_WARN_INFINITE_RECURSION = YES;
				CLANG_WARN_INT_CONVERSION = YES;
				CLANG_WARN_NON_LITERAL_NULL_CONVERSION = YES;
				CLANG_WARN_OBJC_IMPLICIT_RETAIN_SELF = YES;
				CLANG_WARN_OBJC_LITERAL_CONVERSION = YES;
				CLANG_WARN_OBJC_ROOT_CLASS = YES_ERROR;
				CLANG_WARN_RANGE_LOOP_ANALYSIS = YES;
				CLANG_WARN_STRICT_PROTOTYPES = YES;
				CLANG_WARN_SUSPICIOUS_MOVE = YES;
				CLANG_WARN_UNREACHABLE_CODE = YES;
				CLANG_WARN__DUPLICATE_METHOD_MATCH = YES;
				"CODE_SIGN_IDENTITY[sdk=iphoneos*]" = "iPhone Developer";
				COPY_PHASE_STRIP = YES;
				ENABLE_NS_ASSERTIONS = NO;
				ENABLE_STRICT_OBJC_MSGSEND = YES;
				GCC_C_LANGUAGE_STANDARD = gnu99;
				GCC_NO_COMMON_BLOCKS = YES;
				GCC_WARN_64_TO_32_BIT_CONVERSION = YES;
				GCC_WARN_ABOUT_RETURN_TYPE = YES_ERROR;
				GCC_WARN_UNDECLARED_SELECTOR = YES;
				GCC_WARN_UNINITIALIZED_AUTOS = YES_AGGRESSIVE;
				GCC_WARN_UNUSED_FUNCTION = YES;
				GCC_WARN_UNUSED_VARIABLE = YES;
				IPHONEOS_DEPLOYMENT_TARGET = 8.1;
				MTL_ENABLE_DEBUG_INFO = NO;
				SDKROOT = iphoneos;
				VALIDATE_PRODUCT = YES;
			};
			name = Release;
		};
		9BA867FF1A4DF3B900121ED5 /* Debug */ = {
			isa = XCBuildConfiguration;
			buildSettings = {
				ASSETCATALOG_COMPILER_APPICON_NAME = AppIcon;
				INFOPLIST_FILE = HUMSliderSample/Info.plist;
				IPHONEOS_DEPLOYMENT_TARGET = 8.0;
				LD_RUNPATH_SEARCH_PATHS = "$(inherited) @executable_path/Frameworks";
				PRODUCT_BUNDLE_IDENTIFIER = "com.justhum.$(PRODUCT_NAME:rfc1034identifier)";
				PRODUCT_NAME = "$(TARGET_NAME)";
			};
			name = Debug;
		};
		9BA868001A4DF3B900121ED5 /* Release */ = {
			isa = XCBuildConfiguration;
			buildSettings = {
				ASSETCATALOG_COMPILER_APPICON_NAME = AppIcon;
				INFOPLIST_FILE = HUMSliderSample/Info.plist;
				IPHONEOS_DEPLOYMENT_TARGET = 8.0;
				LD_RUNPATH_SEARCH_PATHS = "$(inherited) @executable_path/Frameworks";
				PRODUCT_BUNDLE_IDENTIFIER = "com.justhum.$(PRODUCT_NAME:rfc1034identifier)";
				PRODUCT_NAME = "$(TARGET_NAME)";
			};
			name = Release;
		};
		9BA868021A4DF3B900121ED5 /* Debug */ = {
			isa = XCBuildConfiguration;
			buildSettings = {
				BUNDLE_LOADER = "$(TEST_HOST)";
				FRAMEWORK_SEARCH_PATHS = (
					"$(SDKROOT)/Developer/Library/Frameworks",
					"$(inherited)",
				);
				GCC_PREPROCESSOR_DEFINITIONS = (
					"DEBUG=1",
					"$(inherited)",
				);
				INFOPLIST_FILE = HUMSliderSampleTests/Info.plist;
				LD_RUNPATH_SEARCH_PATHS = "$(inherited) @executable_path/Frameworks @loader_path/Frameworks";
				PRODUCT_BUNDLE_IDENTIFIER = "com.justhum.$(PRODUCT_NAME:rfc1034identifier)";
				PRODUCT_NAME = "$(TARGET_NAME)";
				TEST_HOST = "$(BUILT_PRODUCTS_DIR)/HUMSliderSample.app/HUMSliderSample";
			};
			name = Debug;
		};
		9BA868031A4DF3B900121ED5 /* Release */ = {
			isa = XCBuildConfiguration;
			buildSettings = {
				BUNDLE_LOADER = "$(TEST_HOST)";
				FRAMEWORK_SEARCH_PATHS = (
					"$(SDKROOT)/Developer/Library/Frameworks",
					"$(inherited)",
				);
				INFOPLIST_FILE = HUMSliderSampleTests/Info.plist;
				LD_RUNPATH_SEARCH_PATHS = "$(inherited) @executable_path/Frameworks @loader_path/Frameworks";
				PRODUCT_BUNDLE_IDENTIFIER = "com.justhum.$(PRODUCT_NAME:rfc1034identifier)";
				PRODUCT_NAME = "$(TARGET_NAME)";
				TEST_HOST = "$(BUILT_PRODUCTS_DIR)/HUMSliderSample.app/HUMSliderSample";
			};
			name = Release;
		};
/* End XCBuildConfiguration section */

/* Begin XCConfigurationList section */
		9BA867D61A4DF3B900121ED5 /* Build configuration list for PBXProject "HUMSliderSample" */ = {
			isa = XCConfigurationList;
			buildConfigurations = (
				9BA867FC1A4DF3B900121ED5 /* Debug */,
				9BA867FD1A4DF3B900121ED5 /* Release */,
			);
			defaultConfigurationIsVisible = 0;
			defaultConfigurationName = Release;
		};
		9BA867FE1A4DF3B900121ED5 /* Build configuration list for PBXNativeTarget "HUMSliderSample" */ = {
			isa = XCConfigurationList;
			buildConfigurations = (
				9BA867FF1A4DF3B900121ED5 /* Debug */,
				9BA868001A4DF3B900121ED5 /* Release */,
			);
			defaultConfigurationIsVisible = 0;
			defaultConfigurationName = Release;
		};
		9BA868011A4DF3B900121ED5 /* Build configuration list for PBXNativeTarget "HUMSliderSampleTests" */ = {
			isa = XCConfigurationList;
			buildConfigurations = (
				9BA868021A4DF3B900121ED5 /* Debug */,
				9BA868031A4DF3B900121ED5 /* Release */,
			);
			defaultConfigurationIsVisible = 0;
			defaultConfigurationName = Release;
		};
/* End XCConfigurationList section */
	};
	rootObject = 9BA867D31A4DF3B900121ED5 /* Project object */;
}
